{
  "name": "logger_node",
  "lockfileVersion": 3,
  "requires": true,
  "packages": {
    "": {
      "dependencies": {
        "-": "^0.0.1",
        "chalk": "^5.2.0",
        "colorts": "^0.1.63"
      },
      "devDependencies": {
        "@types/node": "^20.2.6"
      }
    },
    "node_modules/-": {
      "version": "0.0.1",
      "resolved": "https://registry.npmjs.org/-/-/--0.0.1.tgz",
      "integrity": "sha512-3HfneK3DGAm05fpyj20sT3apkNcvPpCuccOThOPdzz8sY7GgQGe0l93XH9bt+YzibcTIgUAIMoyVJI740RtgyQ=="
    },
    "node_modules/@types/node": {
      "version": "20.2.6",
      "resolved": "https://registry.npmjs.org/@types/node/-/node-20.2.6.tgz",
      "integrity": "sha512-GQBWUtGoefMEOx/vu+emHEHU5aw6JdDoEtZhoBrHFPZbA/YNRFfN996XbBASEWdvmLSLyv9FKYppYGyZjCaq/g==",
      "dev": true
    },
    "node_modules/chalk": {
      "version": "5.2.0",
      "resolved": "https://registry.npmjs.org/chalk/-/chalk-5.2.0.tgz",
      "integrity": "sha512-ree3Gqw/nazQAPuJJEy+avdl7QfZMcUvmHIKgEZkGL+xOBzRvup5Hxo6LHuMceSxOabuJLJm5Yp/92R9eMmMvA==",
      "engines": {
        "node": "^12.17.0 || ^14.13 || >=16.0.0"
      },
      "funding": {
        "url": "https://github.com/chalk/chalk?sponsor=1"
      }
    },
    "node_modules/colorts": {
      "version": "0.1.63",
      "resolved": "https://registry.npmjs.org/colorts/-/colorts-0.1.63.tgz",
      "integrity": "sha512-prWZKocUjLYvt9Jx4j+KEkeQSm9rvGA2ZB90Je6odMyXPthpb1pTW9/0RxUZ/CRXc+DsydMLOQIrDBgdx5jjOg==",
      "engines": {
        "node": ">=8.1.90"
      }
    }
  }
}
